// !$*UTF8*$!
{
	archiveVersion = 1;
	classes = {
	};
	objectVersion = 56;
	objects = {

/* Begin PBXBuildFile section */
		376E686D2B5AE353005B5A71 /* AppDelegate.swift in Sources */ = {isa = PBXBuildFile; fileRef = 376E686C2B5AE353005B5A71 /* AppDelegate.swift */; };
		376E68712B5AE354005B5A71 /* Assets.xcassets in Resources */ = {isa = PBXBuildFile; fileRef = 376E68702B5AE354005B5A71 /* Assets.xcassets */; };
		376E68742B5AE354005B5A71 /* Main.storyboard in Resources */ = {isa = PBXBuildFile; fileRef = 376E68722B5AE354005B5A71 /* Main.storyboard */; };
		376E687D2B5AE3B2005B5A71 /* LaunchAtLogin in Frameworks */ = {isa = PBXBuildFile; productRef = 376E687C2B5AE3B2005B5A71 /* LaunchAtLogin */; };
		376E687F2B5AE3F4005B5A71 /* ActionManager.swift in Sources */ = {isa = PBXBuildFile; fileRef = 376E687E2B5AE3F4005B5A71 /* ActionManager.swift */; };
		376E68882B5BA1DE005B5A71 /* SettingsView.swift in Sources */ = {isa = PBXBuildFile; fileRef = 376E68872B5BA1DE005B5A71 /* SettingsView.swift */; };
		376E688B2B5BC6FF005B5A71 /* p2p-clipboard in CopyFiles */ = {isa = PBXBuildFile; fileRef = 376E688A2B5BC6FF005B5A71 /* p2p-clipboard */; settings = {ATTRIBUTES = (CodeSignOnCopy, ); }; };
		376E688D2B5C0583005B5A71 /* AlertWindowController.swift in Sources */ = {isa = PBXBuildFile; fileRef = 376E688C2B5C0583005B5A71 /* AlertWindowController.swift */; };
		37CE235B2B713D0400CB6391 /* KeychainWrapper.swift in Sources */ = {isa = PBXBuildFile; fileRef = 37CE235A2B713D0400CB6391 /* KeychainWrapper.swift */; };
		37CE235D2B713D3900CB6391 /* KeychainItemAccessibility.swift in Sources */ = {isa = PBXBuildFile; fileRef = 37CE235C2B713D3900CB6391 /* KeychainItemAccessibility.swift */; };
		37CE235F2B713D9100CB6391 /* AppSecureStorage.swift in Sources */ = {isa = PBXBuildFile; fileRef = 37CE235E2B713D9100CB6391 /* AppSecureStorage.swift */; };
/* End PBXBuildFile section */

/* Begin PBXCopyFilesBuildPhase section */
		376E68892B5BC6DA005B5A71 /* CopyFiles */ = {
			isa = PBXCopyFilesBuildPhase;
			buildActionMask = 2147483647;
			dstPath = "";
			dstSubfolderSpec = 6;
			files = (
				376E688B2B5BC6FF005B5A71 /* p2p-clipboard in CopyFiles */,
			);
			runOnlyForDeploymentPostprocessing = 0;
		};
/* End PBXCopyFilesBuildPhase section */

/* Begin PBXFileReference section */
		376E68692B5AE353005B5A71 /* p2pClipboard.app */ = {isa = PBXFileReference; explicitFileType = wrapper.application; includeInIndex = 0; path = p2pClipboard.app; sourceTree = BUILT_PRODUCTS_DIR; };
		376E686C2B5AE353005B5A71 /* AppDelegate.swift */ = {isa = PBXFileReference; lastKnownFileType = sourcecode.swift; path = AppDelegate.swift; sourceTree = "<group>"; };
		376E68702B5AE354005B5A71 /* Assets.xcassets */ = {isa = PBXFileReference; lastKnownFileType = folder.assetcatalog; path = Assets.xcassets; sourceTree = "<group>"; };
		376E68732B5AE354005B5A71 /* Base */ = {isa = PBXFileReference; lastKnownFileType = file.storyboard; name = Base; path = Base.lproj/Main.storyboard; sourceTree = "<group>"; };
		376E68752B5AE354005B5A71 /* p2pClipboard.entitlements */ = {isa = PBXFileReference; lastKnownFileType = text.plist.entitlements; path = p2pClipboard.entitlements; sourceTree = "<group>"; };
		376E687E2B5AE3F4005B5A71 /* ActionManager.swift */ = {isa = PBXFileReference; lastKnownFileType = sourcecode.swift; path = ActionManager.swift; sourceTree = "<group>"; };
		376E68872B5BA1DE005B5A71 /* SettingsView.swift */ = {isa = PBXFileReference; lastKnownFileType = sourcecode.swift; path = SettingsView.swift; sourceTree = "<group>"; };
		376E688A2B5BC6FF005B5A71 /* p2p-clipboard */ = {isa = PBXFileReference; lastKnownFileType = "compiled.mach-o.executable"; name = "p2p-clipboard"; path = "bin/p2p-clipboard"; sourceTree = "<group>"; };
		376E688C2B5C0583005B5A71 /* AlertWindowController.swift */ = {isa = PBXFileReference; lastKnownFileType = sourcecode.swift; path = AlertWindowController.swift; sourceTree = "<group>"; };
		37CE235A2B713D0400CB6391 /* KeychainWrapper.swift */ = {isa = PBXFileReference; lastKnownFileType = sourcecode.swift; path = KeychainWrapper.swift; sourceTree = "<group>"; };
		37CE235C2B713D3900CB6391 /* KeychainItemAccessibility.swift */ = {isa = PBXFileReference; lastKnownFileType = sourcecode.swift; path = KeychainItemAccessibility.swift; sourceTree = "<group>"; };
		37CE235E2B713D9100CB6391 /* AppSecureStorage.swift */ = {isa = PBXFileReference; lastKnownFileType = sourcecode.swift; path = AppSecureStorage.swift; sourceTree = "<group>"; };
/* End PBXFileReference section */

/* Begin PBXFrameworksBuildPhase section */
		376E68662B5AE353005B5A71 /* Frameworks */ = {
			isa = PBXFrameworksBuildPhase;
			buildActionMask = 2147483647;
			files = (
				376E687D2B5AE3B2005B5A71 /* LaunchAtLogin in Frameworks */,
			);
			runOnlyForDeploymentPostprocessing = 0;
		};
/* End PBXFrameworksBuildPhase section */

/* Begin PBXGroup section */
		376E68602B5AE353005B5A71 = {
			isa = PBXGroup;
			children = (
				376E688A2B5BC6FF005B5A71 /* p2p-clipboard */,
				376E686B2B5AE353005B5A71 /* p2pClipboard */,
				376E686A2B5AE353005B5A71 /* Products */,
			);
			sourceTree = "<group>";
		};
		376E686A2B5AE353005B5A71 /* Products */ = {
			isa = PBXGroup;
			children = (
				376E68692B5AE353005B5A71 /* p2pClipboard.app */,
			);
			name = Products;
			sourceTree = "<group>";
		};
		376E686B2B5AE353005B5A71 /* p2pClipboard */ = {
			isa = PBXGroup;
			children = (
				376E686C2B5AE353005B5A71 /* AppDelegate.swift */,
				376E68702B5AE354005B5A71 /* Assets.xcassets */,
				376E68722B5AE354005B5A71 /* Main.storyboard */,
				376E68752B5AE354005B5A71 /* p2pClipboard.entitlements */,
				376E687E2B5AE3F4005B5A71 /* ActionManager.swift */,
				376E68872B5BA1DE005B5A71 /* SettingsView.swift */,
				376E688C2B5C0583005B5A71 /* AlertWindowController.swift */,
				37CE235A2B713D0400CB6391 /* KeychainWrapper.swift */,
				37CE235C2B713D3900CB6391 /* KeychainItemAccessibility.swift */,
				37CE235E2B713D9100CB6391 /* AppSecureStorage.swift */,
			);
			path = p2pClipboard;
			sourceTree = "<group>";
		};
/* End PBXGroup section */

/* Begin PBXNativeTarget section */
		376E68682B5AE353005B5A71 /* p2pClipboard */ = {
			isa = PBXNativeTarget;
			buildConfigurationList = 376E68782B5AE354005B5A71 /* Build configuration list for PBXNativeTarget "p2pClipboard" */;
			buildPhases = (
				376E68652B5AE353005B5A71 /* Sources */,
				376E68662B5AE353005B5A71 /* Frameworks */,
				376E68672B5AE353005B5A71 /* Resources */,
				37125EC52B6D035B008D26ED /* ShellScript */,
				376E68892B5BC6DA005B5A71 /* CopyFiles */,
			);
			buildRules = (
			);
			dependencies = (
			);
			name = p2pClipboard;
			packageProductDependencies = (
				376E687C2B5AE3B2005B5A71 /* LaunchAtLogin */,
			);
			productName = p2pClipboard;
			productReference = 376E68692B5AE353005B5A71 /* p2pClipboard.app */;
			productType = "com.apple.product-type.application";
		};
/* End PBXNativeTarget section */

/* Begin PBXProject section */
		376E68612B5AE353005B5A71 /* Project object */ = {
			isa = PBXProject;
			attributes = {
				BuildIndependentTargetsInParallel = 1;
				LastSwiftUpdateCheck = 1500;
				LastUpgradeCheck = 1500;
				TargetAttributes = {
					376E68682B5AE353005B5A71 = {
						CreatedOnToolsVersion = 15.0.1;
					};
				};
			};
			buildConfigurationList = 376E68642B5AE353005B5A71 /* Build configuration list for PBXProject "p2pClipboard" */;
			compatibilityVersion = "Xcode 14.0";
			developmentRegion = en;
			hasScannedForEncodings = 0;
			knownRegions = (
				en,
				Base,
			);
			mainGroup = 376E68602B5AE353005B5A71;
			packageReferences = (
				376E687B2B5AE3B2005B5A71 /* XCRemoteSwiftPackageReference "LaunchAtLogin" */,
			);
			productRefGroup = 376E686A2B5AE353005B5A71 /* Products */;
			projectDirPath = "";
			projectRoot = "";
			targets = (
				376E68682B5AE353005B5A71 /* p2pClipboard */,
			);
		};
/* End PBXProject section */

/* Begin PBXResourcesBuildPhase section */
		376E68672B5AE353005B5A71 /* Resources */ = {
			isa = PBXResourcesBuildPhase;
			buildActionMask = 2147483647;
			files = (
				376E68712B5AE354005B5A71 /* Assets.xcassets in Resources */,
				376E68742B5AE354005B5A71 /* Main.storyboard in Resources */,
			);
			runOnlyForDeploymentPostprocessing = 0;
		};
/* End PBXResourcesBuildPhase section */

/* Begin PBXShellScriptBuildPhase section */
		37125EC52B6D035B008D26ED /* ShellScript */ = {
			isa = PBXShellScriptBuildPhase;
			alwaysOutOfDate = 1;
			buildActionMask = 2147483647;
			files = (
			);
			inputFileListPaths = (
			);
			inputPaths = (
			);
			outputFileListPaths = (
			);
			outputPaths = (
			);
			runOnlyForDeploymentPostprocessing = 0;
			shellPath = /bin/sh;
			shellScript = "\"${BUILT_PRODUCTS_DIR}/LaunchAtLogin_LaunchAtLogin.bundle/Contents/Resources/copy-helper-swiftpm.sh\"\n";
		};
/* End PBXShellScriptBuildPhase section */

/* Begin PBXSourcesBuildPhase section */
		376E68652B5AE353005B5A71 /* Sources */ = {
			isa = PBXSourcesBuildPhase;
			buildActionMask = 2147483647;
			files = (
				376E68882B5BA1DE005B5A71 /* SettingsView.swift in Sources */,
				376E686D2B5AE353005B5A71 /* AppDelegate.swift in Sources */,
				376E688D2B5C0583005B5A71 /* AlertWindowController.swift in Sources */,
				37CE235B2B713D0400CB6391 /* KeychainWrapper.swift in Sources */,
				37CE235D2B713D3900CB6391 /* KeychainItemAccessibility.swift in Sources */,
				37CE235F2B713D9100CB6391 /* AppSecureStorage.swift in Sources */,
				376E687F2B5AE3F4005B5A71 /* ActionManager.swift in Sources */,
			);
			runOnlyForDeploymentPostprocessing = 0;
		};
/* End PBXSourcesBuildPhase section */

/* Begin PBXVariantGroup section */
		376E68722B5AE354005B5A71 /* Main.storyboard */ = {
			isa = PBXVariantGroup;
			children = (
				376E68732B5AE354005B5A71 /* Base */,
			);
			name = Main.storyboard;
			sourceTree = "<group>";
		};
/* End PBXVariantGroup section */

/* Begin XCBuildConfiguration section */
		376E68762B5AE354005B5A71 /* Debug */ = {
			isa = XCBuildConfiguration;
			buildSettings = {
				ALWAYS_SEARCH_USER_PATHS = NO;
				ASSETCATALOG_COMPILER_GENERATE_SWIFT_ASSET_SYMBOL_EXTENSIONS = YES;
				CLANG_ANALYZER_NONNULL = YES;
				CLANG_ANALYZER_NUMBER_OBJECT_CONVERSION = YES_AGGRESSIVE;
				CLANG_CXX_LANGUAGE_STANDARD = "gnu++20";
				CLANG_ENABLE_MODULES = YES;
				CLANG_ENABLE_OBJC_ARC = YES;
				CLANG_ENABLE_OBJC_WEAK = YES;
				CLANG_WARN_BLOCK_CAPTURE_AUTORELEASING = YES;
				CLANG_WARN_BOOL_CONVERSION = YES;
				CLANG_WARN_COMMA = YES;
				CLANG_WARN_CONSTANT_CONVERSION = YES;
				CLANG_WARN_DEPRECATED_OBJC_IMPLEMENTATIONS = YES;
				CLANG_WARN_DIRECT_OBJC_ISA_USAGE = YES_ERROR;
				CLANG_WARN_DOCUMENTATION_COMMENTS = YES;
				CLANG_WARN_EMPTY_BODY = YES;
				CLANG_WARN_ENUM_CONVERSION = YES;
				CLANG_WARN_INFINITE_RECURSION = YES;
				CLANG_WARN_INT_CONVERSION = YES;
				CLANG_WARN_NON_LITERAL_NULL_CONVERSION = YES;
				CLANG_WARN_OBJC_IMPLICIT_RETAIN_SELF = YES;
				CLANG_WARN_OBJC_LITERAL_CONVERSION = YES;
				CLANG_WARN_OBJC_ROOT_CLASS = YES_ERROR;
				CLANG_WARN_QUOTED_INCLUDE_IN_FRAMEWORK_HEADER = YES;
				CLANG_WARN_RANGE_LOOP_ANALYSIS = YES;
				CLANG_WARN_STRICT_PROTOTYPES = YES;
				CLANG_WARN_SUSPICIOUS_MOVE = YES;
				CLANG_WARN_UNGUARDED_AVAILABILITY = YES_AGGRESSIVE;
				CLANG_WARN_UNREACHABLE_CODE = YES;
				CLANG_WARN__DUPLICATE_METHOD_MATCH = YES;
				COPY_PHASE_STRIP = NO;
				DEBUG_INFORMATION_FORMAT = dwarf;
				ENABLE_STRICT_OBJC_MSGSEND = YES;
				ENABLE_TESTABILITY = YES;
				ENABLE_USER_SCRIPT_SANDBOXING = NO;
				GCC_C_LANGUAGE_STANDARD = gnu17;
				GCC_DYNAMIC_NO_PIC = NO;
				GCC_NO_COMMON_BLOCKS = YES;
				GCC_OPTIMIZATION_LEVEL = 0;
				GCC_PREPROCESSOR_DEFINITIONS = (
					"DEBUG=1",
					"$(inherited)",
				);
				GCC_WARN_64_TO_32_BIT_CONVERSION = YES;
				GCC_WARN_ABOUT_RETURN_TYPE = YES_ERROR;
				GCC_WARN_UNDECLARED_SELECTOR = YES;
				GCC_WARN_UNINITIALIZED_AUTOS = YES_AGGRESSIVE;
				GCC_WARN_UNUSED_FUNCTION = YES;
				GCC_WARN_UNUSED_VARIABLE = YES;
				LOCALIZATION_PREFERS_STRING_CATALOGS = YES;
				MACOSX_DEPLOYMENT_TARGET = 14.0;
				MTL_ENABLE_DEBUG_INFO = INCLUDE_SOURCE;
				MTL_FAST_MATH = YES;
				ONLY_ACTIVE_ARCH = YES;
				SDKROOT = macosx;
				SWIFT_ACTIVE_COMPILATION_CONDITIONS = "DEBUG $(inherited)";
				SWIFT_OPTIMIZATION_LEVEL = "-Onone";
			};
			name = Debug;
		};
		376E68772B5AE354005B5A71 /* Release */ = {
			isa = XCBuildConfiguration;
			buildSettings = {
				ALWAYS_SEARCH_USER_PATHS = NO;
				ASSETCATALOG_COMPILER_GENERATE_SWIFT_ASSET_SYMBOL_EXTENSIONS = YES;
				CLANG_ANALYZER_NONNULL = YES;
				CLANG_ANALYZER_NUMBER_OBJECT_CONVERSION = YES_AGGRESSIVE;
				CLANG_CXX_LANGUAGE_STANDARD = "gnu++20";
				CLANG_ENABLE_MODULES = YES;
				CLANG_ENABLE_OBJC_ARC = YES;
				CLANG_ENABLE_OBJC_WEAK = YES;
				CLANG_WARN_BLOCK_CAPTURE_AUTORELEASING = YES;
				CLANG_WARN_BOOL_CONVERSION = YES;
				CLANG_WARN_COMMA = YES;
				CLANG_WARN_CONSTANT_CONVERSION = YES;
				CLANG_WARN_DEPRECATED_OBJC_IMPLEMENTATIONS = YES;
				CLANG_WARN_DIRECT_OBJC_ISA_USAGE = YES_ERROR;
				CLANG_WARN_DOCUMENTATION_COMMENTS = YES;
				CLANG_WARN_EMPTY_BODY = YES;
				CLANG_WARN_ENUM_CONVERSION = YES;
				CLANG_WARN_INFINITE_RECURSION = YES;
				CLANG_WARN_INT_CONVERSION = YES;
				CLANG_WARN_NON_LITERAL_NULL_CONVERSION = YES;
				CLANG_WARN_OBJC_IMPLICIT_RETAIN_SELF = YES;
				CLANG_WARN_OBJC_LITERAL_CONVERSION = YES;
				CLANG_WARN_OBJC_ROOT_CLASS = YES_ERROR;
				CLANG_WARN_QUOTED_INCLUDE_IN_FRAMEWORK_HEADER = YES;
				CLANG_WARN_RANGE_LOOP_ANALYSIS = YES;
				CLANG_WARN_STRICT_PROTOTYPES = YES;
				CLANG_WARN_SUSPICIOUS_MOVE = YES;
				CLANG_WARN_UNGUARDED_AVAILABILITY = YES_AGGRESSIVE;
				CLANG_WARN_UNREACHABLE_CODE = YES;
				CLANG_WARN__DUPLICATE_METHOD_MATCH = YES;
				COPY_PHASE_STRIP = NO;
				DEBUG_INFORMATION_FORMAT = "dwarf-with-dsym";
				ENABLE_NS_ASSERTIONS = NO;
				ENABLE_STRICT_OBJC_MSGSEND = YES;
				ENABLE_USER_SCRIPT_SANDBOXING = NO;
				GCC_C_LANGUAGE_STANDARD = gnu17;
				GCC_NO_COMMON_BLOCKS = YES;
				GCC_WARN_64_TO_32_BIT_CONVERSION = YES;
				GCC_WARN_ABOUT_RETURN_TYPE = YES_ERROR;
				GCC_WARN_UNDECLARED_SELECTOR = YES;
				GCC_WARN_UNINITIALIZED_AUTOS = YES_AGGRESSIVE;
				GCC_WARN_UNUSED_FUNCTION = YES;
				GCC_WARN_UNUSED_VARIABLE = YES;
				LOCALIZATION_PREFERS_STRING_CATALOGS = YES;
				MACOSX_DEPLOYMENT_TARGET = 14.0;
				MTL_ENABLE_DEBUG_INFO = NO;
				MTL_FAST_MATH = YES;
				SDKROOT = macosx;
				SWIFT_COMPILATION_MODE = wholemodule;
			};
			name = Release;
		};
		376E68792B5AE354005B5A71 /* Debug */ = {
			isa = XCBuildConfiguration;
			buildSettings = {
				ASSETCATALOG_COMPILER_APPICON_NAME = AppIcon;
				ASSETCATALOG_COMPILER_GLOBAL_ACCENT_COLOR_NAME = AccentColor;
				CODE_SIGN_ENTITLEMENTS = p2pClipboard/p2pClipboard.entitlements;
				CODE_SIGN_STYLE = Automatic;
				COMBINE_HIDPI_IMAGES = YES;
				CURRENT_PROJECT_VERSION = 1;
				GENERATE_INFOPLIST_FILE = YES;
				INFOPLIST_KEY_LSApplicationCategoryType = "public.app-category.utilities";
				INFOPLIST_KEY_LSUIElement = YES;
				INFOPLIST_KEY_NSHumanReadableCopyright = "";
				INFOPLIST_KEY_NSMainStoryboardFile = Main;
				INFOPLIST_KEY_NSPrincipalClass = NSApplication;
				LD_RUNPATH_SEARCH_PATHS = (
					"$(inherited)",
					"@executable_path/../Frameworks",
				);
				MACOSX_DEPLOYMENT_TARGET = 12.0;
				MARKETING_VERSION = 1.0;
				PRODUCT_BUNDLE_IDENTIFIER = net.gnattu.p2pClipboard;
				PRODUCT_NAME = "$(TARGET_NAME)";
				SWIFT_EMIT_LOC_STRINGS = YES;
				SWIFT_VERSION = 5.0;
			};
			name = Debug;
		};
		376E687A2B5AE354005B5A71 /* Release */ = {
			isa = XCBuildConfiguration;
			buildSettings = {
				ASSETCATALOG_COMPILER_APPICON_NAME = AppIcon;
				ASSETCATALOG_COMPILER_GLOBAL_ACCENT_COLOR_NAME = AccentColor;
				CODE_SIGN_ENTITLEMENTS = p2pClipboard/p2pClipboard.entitlements;
				CODE_SIGN_STYLE = Automatic;
				COMBINE_HIDPI_IMAGES = YES;
				CURRENT_PROJECT_VERSION = 1;
				GENERATE_INFOPLIST_FILE = YES;
				INFOPLIST_KEY_LSApplicationCategoryType = "public.app-category.utilities";
				INFOPLIST_KEY_LSUIElement = YES;
				INFOPLIST_KEY_NSHumanReadableCopyright = "";
				INFOPLIST_KEY_NSMainStoryboardFile = Main;
				INFOPLIST_KEY_NSPrincipalClass = NSApplication;
				LD_RUNPATH_SEARCH_PATHS = (
					"$(inherited)",
					"@executable_path/../Frameworks",
				);
				MACOSX_DEPLOYMENT_TARGET = 12.0;
				MARKETING_VERSION = 1.0;
				PRODUCT_BUNDLE_IDENTIFIER = net.gnattu.p2pClipboard;
				PRODUCT_NAME = "$(TARGET_NAME)";
				SWIFT_EMIT_LOC_STRINGS = YES;
				SWIFT_VERSION = 5.0;
			};
			name = Release;
		};
/* End XCBuildConfiguration section */

/* Begin XCConfigurationList section */
		376E68642B5AE353005B5A71 /* Build configuration list for PBXProject "p2pClipboard" */ = {
			isa = XCConfigurationList;
			buildConfigurations = (
				376E68762B5AE354005B5A71 /* Debug */,
				376E68772B5AE354005B5A71 /* Release */,
			);
			defaultConfigurationIsVisible = 0;
			defaultConfigurationName = Release;
		};
		376E68782B5AE354005B5A71 /* Build configuration list for PBXNativeTarget "p2pClipboard" */ = {
			isa = XCConfigurationList;
			buildConfigurations = (
				376E68792B5AE354005B5A71 /* Debug */,
				376E687A2B5AE354005B5A71 /* Release */,
			);
			defaultConfigurationIsVisible = 0;
			defaultConfigurationName = Release;
		};
/* End XCConfigurationList section */

/* Begin XCRemoteSwiftPackageReference section */
		376E687B2B5AE3B2005B5A71 /* XCRemoteSwiftPackageReference "LaunchAtLogin" */ = {
			isa = XCRemoteSwiftPackageReference;
			repositoryURL = "https://github.com/sindresorhus/LaunchAtLogin";
			requirement = {
				branch = main;
				kind = branch;
			};
		};
/* End XCRemoteSwiftPackageReference section */

/* Begin XCSwiftPackageProductDependency section */
		376E687C2B5AE3B2005B5A71 /* LaunchAtLogin */ = {
			isa = XCSwiftPackageProductDependency;
			package = 376E687B2B5AE3B2005B5A71 /* XCRemoteSwiftPackageReference "LaunchAtLogin" */;
			productName = LaunchAtLogin;
		};
/* End XCSwiftPackageProductDependency section */
	};
	rootObject = 376E68612B5AE353005B5A71 /* Project object */;
}
